github.com/gcottom/refract/genericdynamic v0.0.0-20241012200057-3f97991a19af h1:0RqozURxN9GHzCHOshVKax2r4L+Y2xofkSgugLfZ1Ys=
github.com/gcottom/refract/genericdynamic v0.0.0-20241012200057-3f97991a19af/go.mod h1:je6Eurmryt36+r5D8HfvzGtpMSE3sw8olrFc5tCRT7I=
github.com/gcottom/refract/godict v0.0.0-20241012221521-033744acb7c9 h1:Ef4sJYOJShq2E8mZVe28OuzUvVB9pdUHwa4IJ4fNO1M=
github.com/gcottom/refract/godict v0.0.0-20241012221521-033744acb7c9/go.mod h1:J6V2NrZSBH7IbflS8mlJC1qoYtHT9hkAH9FOrT+xLaE=
github.com/gcottom/refract/refractutils v0.0.0-20241012200057-3f97991a19af h1:0lqxfoxakufJvQEAnrRhWKSquHgYUAgrY9xmfJXnHc8=
github.com/gcottom/refract/refractutils v0.0.0-20241012200057-3f97991a19af/go.mod h1:rk14RYbgrDZjg2tQl4M5azOfB22cSRAQKAJPYdE55e0=
