github.com/gcottom/refract/genericdynamic v0.0.0-20241012222816-10a4cfd1649e h1:jV8ERCbK5vdyLGZPrPZ29m+fZD3g+gvSA+ET6DSqh7s=
github.com/gcottom/refract/genericdynamic v0.0.0-20241012222816-10a4cfd1649e/go.mod h1:je6Eurmryt36+r5D8HfvzGtpMSE3sw8olrFc5tCRT7I=
github.com/gcottom/refract/godict v0.0.0-20241012224006-6ed10a09725b h1:OT0lBx2EDKpjp3n6jNZT+YCuNoyowxcTGBUCInP1szI=
github.com/gcottom/refract/godict v0.0.0-20241012224006-6ed10a09725b/go.mod h1:J6V2NrZSBH7IbflS8mlJC1qoYtHT9hkAH9FOrT+xLaE=
github.com/gcottom/refract/refractutils v0.0.0-20241012222816-10a4cfd1649e h1:GHDUbolrza+rySzGHjwJqIxypc2gyVpTybO824gzMRE=
github.com/gcottom/refract/refractutils v0.0.0-20241012222816-10a4cfd1649e/go.mod h1:rk14RYbgrDZjg2tQl4M5azOfB22cSRAQKAJPYdE55e0=
