github.com/gcottom/refract/refractutils v0.0.1 h1:46Ao/8RiMwqVnMkkny3NM3rI+K4q3FSp3po3jY2WXqQ=
github.com/gcottom/refract/refractutils v0.0.1/go.mod h1:1+lNW0eh4BhTRYpwxySUQDcx6Q/niJYWsNU87aVrJ1w=
github.com/gcottom/refract/safereflect v0.0.1 h1:mSmW9qieSXDgN5gj2Zqb52fW+DajySKaS7JbMzLLypA=
github.com/gcottom/refract/safereflect v0.0.1/go.mod h1:8exdQ2cmV1nb7xFJ3ePXmr/ZRM5w1qAiwjUNP6vitO4=
